
Microsoft Visual Studio Solution File, Format Version 12.00
# Visual Studio Version 17
VisualStudioVersion = 17.14.35906.104 d17.14
MinimumVisualStudioVersion = 10.0.40219.1
Project("{FAE04EC0-301F-11D3-BF4B-00C04F79EFBC}") = "DAX_Car_Parking_Management_System_Real", "DAX_Car_Parking_Management_System_Real\DAX_Car_Parking_Management_System_Real.csproj", "{69BAEA12-B239-49D9-9D99-1E11167337B5}"
EndProject
Global
	GlobalSection(SolutionConfigurationPlatforms) = preSolution
		Debug|Any CPU = Debug|Any CPU
		Release|Any CPU = Release|Any CPU
	EndGlobalSection
	GlobalSection(ProjectConfigurationPlatforms) = postSolution
		{69BAEA12-B239-49D9-9D99-1E11167337B5}.Debug|Any CPU.ActiveCfg = Debug|Any CPU
		{69BAEA12-B239-49D9-9D99-1E11167337B5}.Debug|Any CPU.Build.0 = Debug|Any CPU
		{69BAEA12-B239-49D9-9D99-1E11167337B5}.Release|Any CPU.ActiveCfg = Release|Any CPU
		{69BAEA12-B239-49D9-9D99-1E11167337B5}.Release|Any CPU.Build.0 = Release|Any CPU
	EndGlobalSection
	GlobalSection(SolutionProperties) = preSolution
		HideSolutionNode = FALSE
	EndGlobalSection
	GlobalSection(ExtensibilityGlobals) = postSolution
		SolutionGuid = {FC65BC40-5376-4D1C-96D0-66FDA85CFE2B}
	EndGlobalSection
EndGlobal
